
Microsoft Visual Studio Solution File, Format Version 12.00
# Visual Studio Version 16
VisualStudioVersion = 16.0.30413.136
MinimumVisualStudioVersion = 10.0.40219.1
Project("{FAE04EC0-301F-11D3-BF4B-00C04F79EFBC}") = "MvcMovie", "MvcMovie\MvcMovie.csproj", "{0FA03D4B-35D9-4250-B4F5-1279E8B5EE82}"
EndProject
Global
	GlobalSection(SolutionConfigurationPlatforms) = preSolution
		Debug|Any CPU = Debug|Any CPU
		Release|Any CPU = Release|Any CPU
	EndGlobalSection
	GlobalSection(ProjectConfigurationPlatforms) = postSolution
		{0FA03D4B-35D9-4250-B4F5-1279E8B5EE82}.Debug|Any CPU.ActiveCfg = Debug|Any CPU
		{0FA03D4B-35D9-4250-B4F5-1279E8B5EE82}.Debug|Any CPU.Build.0 = Debug|Any CPU
		{0FA03D4B-35D9-4250-B4F5-1279E8B5EE82}.Release|Any CPU.ActiveCfg = Release|Any CPU
		{0FA03D4B-35D9-4250-B4F5-1279E8B5EE82}.Release|Any CPU.Build.0 = Release|Any CPU
	EndGlobalSection
	GlobalSection(SolutionProperties) = preSolution
		HideSolutionNode = FALSE
	EndGlobalSection
	GlobalSection(ExtensibilityGlobals) = postSolution
		SolutionGuid = {58CF8E39-EC9C-4E7B-B459-675DD5114B5A}
	EndGlobalSection
EndGlobal
